
Microsoft Visual Studio Solution File, Format Version 12.00
# Visual Studio Version 17
VisualStudioVersion = 17.5.002.0
MinimumVisualStudioVersion = 10.0.40219.1
Project("{9A19103F-16F7-4668-BE54-9A1E7A4F7556}") = "SampleUser.Api", "SampleUser.Api.csproj", "{691BA300-AA5A-412A-9A2C-3B1ABB31D028}"
EndProject
Global
	GlobalSection(SolutionConfigurationPlatforms) = preSolution
		Debug|Any CPU = Debug|Any CPU
		Release|Any CPU = Release|Any CPU
	EndGlobalSection
	GlobalSection(ProjectConfigurationPlatforms) = postSolution
		{691BA300-AA5A-412A-9A2C-3B1ABB31D028}.Debug|Any CPU.ActiveCfg = Debug|Any CPU
		{691BA300-AA5A-412A-9A2C-3B1ABB31D028}.Debug|Any CPU.Build.0 = Debug|Any CPU
		{691BA300-AA5A-412A-9A2C-3B1ABB31D028}.Release|Any CPU.ActiveCfg = Release|Any CPU
		{691BA300-AA5A-412A-9A2C-3B1ABB31D028}.Release|Any CPU.Build.0 = Release|Any CPU
	EndGlobalSection
	GlobalSection(SolutionProperties) = preSolution
		HideSolutionNode = FALSE
	EndGlobalSection
	GlobalSection(ExtensibilityGlobals) = postSolution
		SolutionGuid = {A65E08A6-DC66-4BD9-ABAF-05D04D32EA06}
	EndGlobalSection
EndGlobal
